Microsoft Visual Studio Solution File, Format Version 12.00
# Visual Studio Version 17
VisualStudioVersion = 17.5.2.0
MinimumVisualStudioVersion = 10.0.40219.1
Project("{FAE04EC0-301F-11D3-BF4B-00C04F79EFBC}") = "CIS106WEEK1ASSIGNMENT", "CIS106WEEK1ASSIGNMENT.csproj", "{AE453CA5-F4EF-89D4-3EF5-DCF7508E9CD7}"
EndProject
Global
	GlobalSection(SolutionConfigurationPlatforms) = preSolution
		Debug|Any CPU = Debug|Any CPU
		Release|Any CPU = Release|Any CPU
	EndGlobalSection
	GlobalSection(ProjectConfigurationPlatforms) = postSolution
		{AE453CA5-F4EF-89D4-3EF5-DCF7508E9CD7}.Debug|Any CPU.ActiveCfg = Debug|Any CPU
		{AE453CA5-F4EF-89D4-3EF5-DCF7508E9CD7}.Debug|Any CPU.Build.0 = Debug|Any CPU
		{AE453CA5-F4EF-89D4-3EF5-DCF7508E9CD7}.Release|Any CPU.ActiveCfg = Release|Any CPU
		{AE453CA5-F4EF-89D4-3EF5-DCF7508E9CD7}.Release|Any CPU.Build.0 = Release|Any CPU
	EndGlobalSection
	GlobalSection(SolutionProperties) = preSolution
		HideSolutionNode = FALSE
	EndGlobalSection
	GlobalSection(ExtensibilityGlobals) = postSolution
		SolutionGuid = {BB677031-5BE0-46E9-9DA8-F5EF9A1B5FCA}
	EndGlobalSection
EndGlobal
